// !$*UTF8*$!
{
	archiveVersion = 1;
	classes = {
	};
	objectVersion = 77;
	objects = {

/* Begin PBXBuildFile section */
		1F0D834B2F7FAFD5005F6CA6 /* MovieDetails.swift in Sources */ = {isa = PBXBuildFile; fileRef = 1F0D834A2F7FAFD5005F6CA6 /* MovieDetails.swift */; };
		1FD28BE12F7FA3BA00FA92D8 /* Assets.xcassets in Resources */ = {isa = PBXBuildFile; fileRef = 1FD28BDD2F7FA3BA00FA92D8 /* Assets.xcassets */; };
		1FD28BE32F7FA3BA00FA92D8 /* NoNamePrjxApp.swift in Sources */ = {isa = PBXBuildFile; fileRef = 1FD28BDF2F7FA3BA00FA92D8 /* NoNamePrjxApp.swift */; };
		1FD28BE82F7FA40900FA92D8 /* MainScreen.swift in Sources */ = {isa = PBXBuildFile; fileRef = 1FD28BE72F7FA40900FA92D8 /* MainScreen.swift */; };
		1FD28BEA2F7FA7A400FA92D8 /* ConnectToRoom.swift in Sources */ = {isa = PBXBuildFile; fileRef = 1FD28BE92F7FA7A300FA92D8 /* ConnectToRoom.swift */; };
/* End PBXBuildFile section */

/* Begin PBXFileReference section */
		1F0D834A2F7FAFD5005F6CA6 /* MovieDetails.swift */ = {isa = PBXFileReference; lastKnownFileType = sourcecode.swift; path = MovieDetails.swift; sourceTree = "<group>"; };
		1FD28BCF2F7FA33B00FA92D8 /* NoNamePrjx.app */ = {isa = PBXFileReference; explicitFileType = wrapper.application; includeInIndex = 0; path = NoNamePrjx.app; sourceTree = BUILT_PRODUCTS_DIR; };
		1FD28BDD2F7FA3BA00FA92D8 /* Assets.xcassets */ = {isa = PBXFileReference; lastKnownFileType = folder.assetcatalog; path = Assets.xcassets; sourceTree = "<group>"; };
		1FD28BDF2F7FA3BA00FA92D8 /* NoNamePrjxApp.swift */ = {isa = PBXFileReference; lastKnownFileType = sourcecode.swift; path = NoNamePrjxApp.swift; sourceTree = "<group>"; };
		1FD28BE72F7FA40900FA92D8 /* MainScreen.swift */ = {isa = PBXFileReference; lastKnownFileType = sourcecode.swift; path = MainScreen.swift; sourceTree = "<group>"; };
		1FD28BE92F7FA7A300FA92D8 /* ConnectToRoom.swift */ = {isa = PBXFileReference; lastKnownFileType = sourcecode.swift; path = ConnectToRoom.swift; sourceTree = "<group>"; };
/* End PBXFileReference section */

/* Begin PBXFrameworksBuildPhase section */
		1FD28BCC2F7FA33B00FA92D8 /* Frameworks */ = {
			isa = PBXFrameworksBuildPhase;
			buildActionMask = 2147483647;
			files = (
			);
			runOnlyForDeploymentPostprocessing = 0;
		};
/* End PBXFrameworksBuildPhase section */

/* Begin PBXGroup section */
		1F0D83492F7FAFBC005F6CA6 /* CreateRoom */ = {
			isa = PBXGroup;
			children = (
			);
			path = CreateRoom;
			sourceTree = "<group>";
		};
		1F0D839E2F812E82005F6CA6 /* Onboarding */ = {
			isa = PBXGroup;
			children = (
			);
			path = Onboarding;
			sourceTree = "<group>";
		};
		1F0D839F2F812E8A005F6CA6 /* SplashScreen */ = {
			isa = PBXGroup;
			children = (
			);
			path = SplashScreen;
			sourceTree = "<group>";
		};
		1F0D83A02F812EB4005F6CA6 /* ChooseFilters */ = {
			isa = PBXGroup;
			children = (
			);
			path = ChooseFilters;
			sourceTree = "<group>";
		};
		1FD28BC62F7FA33B00FA92D8 = {
			isa = PBXGroup;
			children = (
				1FD28BE02F7FA3BA00FA92D8 /* NoNamePrjx */,
				1FD28BD02F7FA33B00FA92D8 /* Products */,
			);
			sourceTree = "<group>";
		};
		1FD28BD02F7FA33B00FA92D8 /* Products */ = {
			isa = PBXGroup;
			children = (
				1FD28BCF2F7FA33B00FA92D8 /* NoNamePrjx.app */,
			);
			name = Products;
			sourceTree = "<group>";
		};
		1FD28BE02F7FA3BA00FA92D8 /* NoNamePrjx */ = {
			isa = PBXGroup;
			children = (
				1F0D83A02F812EB4005F6CA6 /* ChooseFilters */,
				1F0D839F2F812E8A005F6CA6 /* SplashScreen */,
				1F0D839E2F812E82005F6CA6 /* Onboarding */,
				1F0D83492F7FAFBC005F6CA6 /* CreateRoom */,
				1FD28BE62F7FA3EA00FA92D8 /* ConnectToRoom */,
				1FD28BE42F7FA3BE00FA92D8 /* Main */,
				1FD28BDD2F7FA3BA00FA92D8 /* Assets.xcassets */,
				1FD28BDF2F7FA3BA00FA92D8 /* NoNamePrjxApp.swift */,
				1FD28BE52F7FA3C700FA92D8 /* MovieDetails */,
			);
			path = NoNamePrjx;
			sourceTree = "<group>";
		};
		1FD28BE42F7FA3BE00FA92D8 /* Main */ = {
			isa = PBXGroup;
			children = (
				1FD28BE72F7FA40900FA92D8 /* MainScreen.swift */,
			);
			path = Main;
			sourceTree = "<group>";
		};
		1FD28BE52F7FA3C700FA92D8 /* MovieDetails */ = {
			isa = PBXGroup;
			children = (
				1F0D834A2F7FAFD5005F6CA6 /* MovieDetails.swift */,
			);
			path = MovieDetails;
			sourceTree = "<group>";
		};
		1FD28BE62F7FA3EA00FA92D8 /* ConnectToRoom */ = {
			isa = PBXGroup;
			children = (
				1FD28BE92F7FA7A300FA92D8 /* ConnectToRoom.swift */,
			);
			path = ConnectToRoom;
			sourceTree = "<group>";
		};
/* End PBXGroup section */

/* Begin PBXNativeTarget section */
		1FD28BCE2F7FA33B00FA92D8 /* NoNamePrjx */ = {
			isa = PBXNativeTarget;
			buildConfigurationList = 1FD28BDA2F7FA33B00FA92D8 /* Build configuration list for PBXNativeTarget "NoNamePrjx" */;
			buildPhases = (
				1FD28BCB2F7FA33B00FA92D8 /* Sources */,
				1FD28BCC2F7FA33B00FA92D8 /* Frameworks */,
				1FD28BCD2F7FA33B00FA92D8 /* Resources */,
			);
			buildRules = (
			);
			dependencies = (
			);
			name = NoNamePrjx;
			packageProductDependencies = (
			);
			productName = NoNamePrjx;
			productReference = 1FD28BCF2F7FA33B00FA92D8 /* NoNamePrjx.app */;
			productType = "com.apple.product-type.application";
		};
/* End PBXNativeTarget section */

/* Begin PBXProject section */
		1FD28BC72F7FA33B00FA92D8 /* Project object */ = {
			isa = PBXProject;
			attributes = {
				BuildIndependentTargetsInParallel = 1;
				LastSwiftUpdateCheck = 2630;
				LastUpgradeCheck = 2630;
				TargetAttributes = {
					1FD28BCE2F7FA33B00FA92D8 = {
						CreatedOnToolsVersion = 26.3;
					};
				};
			};
			buildConfigurationList = 1FD28BCA2F7FA33B00FA92D8 /* Build configuration list for PBXProject "NoNamePrjx" */;
			developmentRegion = en;
			hasScannedForEncodings = 0;
			knownRegions = (
				en,
				Base,
			);
			mainGroup = 1FD28BC62F7FA33B00FA92D8;
			minimizedProjectReferenceProxies = 1;
			preferredProjectObjectVersion = 77;
			productRefGroup = 1FD28BD02F7FA33B00FA92D8 /* Products */;
			projectDirPath = "";
			projectRoot = "";
			targets = (
				1FD28BCE2F7FA33B00FA92D8 /* NoNamePrjx */,
			);
		};
/* End PBXProject section */

/* Begin PBXResourcesBuildPhase section */
		1FD28BCD2F7FA33B00FA92D8 /* Resources */ = {
			isa = PBXResourcesBuildPhase;
			buildActionMask = 2147483647;
			files = (
				1FD28BE12F7FA3BA00FA92D8 /* Assets.xcassets in Resources */,
			);
			runOnlyForDeploymentPostprocessing = 0;
		};
/* End PBXResourcesBuildPhase section */

/* Begin PBXSourcesBuildPhase section */
		1FD28BCB2F7FA33B00FA92D8 /* Sources */ = {
			isa = PBXSourcesBuildPhase;
			buildActionMask = 2147483647;
			files = (
				1FD28BEA2F7FA7A400FA92D8 /* ConnectToRoom.swift in Sources */,
				1FD28BE82F7FA40900FA92D8 /* MainScreen.swift in Sources */,
				1F0D834B2F7FAFD5005F6CA6 /* MovieDetails.swift in Sources */,
				1FD28BE32F7FA3BA00FA92D8 /* NoNamePrjxApp.swift in Sources */,
			);
			runOnlyForDeploymentPostprocessing = 0;
		};
/* End PBXSourcesBuildPhase section */

/* Begin XCBuildConfiguration section */
		1FD28BD82F7FA33B00FA92D8 /* Debug */ = {
			isa = XCBuildConfiguration;
			buildSettings = {
				ALWAYS_SEARCH_USER_PATHS = NO;
				ASSETCATALOG_COMPILER_GENERATE_SWIFT_ASSET_SYMBOL_EXTENSIONS = YES;
				CLANG_ANALYZER_NONNULL = YES;
				CLANG_ANALYZER_NUMBER_OBJECT_CONVERSION = YES_AGGRESSIVE;
				CLANG_CXX_LANGUAGE_STANDARD = "gnu++20";
				CLANG_ENABLE_MODULES = YES;
				CLANG_ENABLE_OBJC_ARC = YES;
				CLANG_ENABLE_OBJC_WEAK = YES;
				CLANG_WARN_BLOCK_CAPTURE_AUTORELEASING = YES;
				CLANG_WARN_BOOL_CONVERSION = YES;
				CLANG_WARN_COMMA = YES;
				CLANG_WARN_CONSTANT_CONVERSION = YES;
				CLANG_WARN_DEPRECATED_OBJC_IMPLEMENTATIONS = YES;
				CLANG_WARN_DIRECT_OBJC_ISA_USAGE = YES_ERROR;
				CLANG_WARN_DOCUMENTATION_COMMENTS = YES;
				CLANG_WARN_EMPTY_BODY = YES;
				CLANG_WARN_ENUM_CONVERSION = YES;
				CLANG_WARN_INFINITE_RECURSION = YES;
				CLANG_WARN_INT_CONVERSION = YES;
				CLANG_WARN_NON_LITERAL_NULL_CONVERSION = YES;
				CLANG_WARN_OBJC_IMPLICIT_RETAIN_SELF = YES;
				CLANG_WARN_OBJC_LITERAL_CONVERSION = YES;
				CLANG_WARN_OBJC_ROOT_CLASS = YES_ERROR;
				CLANG_WARN_QUOTED_INCLUDE_IN_FRAMEWORK_HEADER = YES;
				CLANG_WARN_RANGE_LOOP_ANALYSIS = YES;
				CLANG_WARN_STRICT_PROTOTYPES = YES;
				CLANG_WARN_SUSPICIOUS_MOVE = YES;
				CLANG_WARN_UNGUARDED_AVAILABILITY = YES_AGGRESSIVE;
				CLANG_WARN_UNREACHABLE_CODE = YES;
				CLANG_WARN__DUPLICATE_METHOD_MATCH = YES;
				COPY_PHASE_STRIP = NO;
				DEBUG_INFORMATION_FORMAT = dwarf;
				DEVELOPMENT_TEAM = Z8827K2MDU;
				ENABLE_STRICT_OBJC_MSGSEND = YES;
				ENABLE_TESTABILITY = YES;
				ENABLE_USER_SCRIPT_SANDBOXING = YES;
				GCC_C_LANGUAGE_STANDARD = gnu17;
				GCC_DYNAMIC_NO_PIC = NO;
				GCC_NO_COMMON_BLOCKS = YES;
				GCC_OPTIMIZATION_LEVEL = 0;
				GCC_PREPROCESSOR_DEFINITIONS = (
					"DEBUG=1",
					"$(inherited)",
				);
				GCC_WARN_64_TO_32_BIT_CONVERSION = YES;
				GCC_WARN_ABOUT_RETURN_TYPE = YES_ERROR;
				GCC_WARN_UNDECLARED_SELECTOR = YES;
				GCC_WARN_UNINITIALIZED_AUTOS = YES_AGGRESSIVE;
				GCC_WARN_UNUSED_FUNCTION = YES;
				GCC_WARN_UNUSED_VARIABLE = YES;
				IPHONEOS_DEPLOYMENT_TARGET = 26.2;
				LOCALIZATION_PREFERS_STRING_CATALOGS = YES;
				MTL_ENABLE_DEBUG_INFO = INCLUDE_SOURCE;
				MTL_FAST_MATH = YES;
				ONLY_ACTIVE_ARCH = YES;
				SDKROOT = iphoneos;
				SWIFT_ACTIVE_COMPILATION_CONDITIONS = "DEBUG $(inherited)";
				SWIFT_OPTIMIZATION_LEVEL = "-Onone";
			};
			name = Debug;
		};
		1FD28BD92F7FA33B00FA92D8 /* Release */ = {
			isa = XCBuildConfiguration;
			buildSettings = {
				ALWAYS_SEARCH_USER_PATHS = NO;
				ASSETCATALOG_COMPILER_GENERATE_SWIFT_ASSET_SYMBOL_EXTENSIONS = YES;
				CLANG_ANALYZER_NONNULL = YES;
				CLANG_ANALYZER_NUMBER_OBJECT_CONVERSION = YES_AGGRESSIVE;
				CLANG_CXX_LANGUAGE_STANDARD = "gnu++20";
				CLANG_ENABLE_MODULES = YES;
				CLANG_ENABLE_OBJC_ARC = YES;
				CLANG_ENABLE_OBJC_WEAK = YES;
				CLANG_WARN_BLOCK_CAPTURE_AUTORELEASING = YES;
				CLANG_WARN_BOOL_CONVERSION = YES;
				CLANG_WARN_COMMA = YES;
				CLANG_WARN_CONSTANT_CONVERSION = YES;
				CLANG_WARN_DEPRECATED_OBJC_IMPLEMENTATIONS = YES;
				CLANG_WARN_DIRECT_OBJC_ISA_USAGE = YES_ERROR;
				CLANG_WARN_DOCUMENTATION_COMMENTS = YES;
				CLANG_WARN_EMPTY_BODY = YES;
				CLANG_WARN_ENUM_CONVERSION = YES;
				CLANG_WARN_INFINITE_RECURSION = YES;
				CLANG_WARN_INT_CONVERSION = YES;
				CLANG_WARN_NON_LITERAL_NULL_CONVERSION = YES;
				CLANG_WARN_OBJC_IMPLICIT_RETAIN_SELF = YES;
				CLANG_WARN_OBJC_LITERAL_CONVERSION = YES;
				CLANG_WARN_OBJC_ROOT_CLASS = YES_ERROR;
				CLANG_WARN_QUOTED_INCLUDE_IN_FRAMEWORK_HEADER = YES;
				CLANG_WARN_RANGE_LOOP_ANALYSIS = YES;
				CLANG_WARN_STRICT_PROTOTYPES = YES;
				CLANG_WARN_SUSPICIOUS_MOVE = YES;
				CLANG_WARN_UNGUARDED_AVAILABILITY = YES_AGGRESSIVE;
				CLANG_WARN_UNREACHABLE_CODE = YES;
				CLANG_WARN__DUPLICATE_METHOD_MATCH = YES;
				COPY_PHASE_STRIP = NO;
				DEBUG_INFORMATION_FORMAT = "dwarf-with-dsym";
				DEVELOPMENT_TEAM = Z8827K2MDU;
				ENABLE_NS_ASSERTIONS = NO;
				ENABLE_STRICT_OBJC_MSGSEND = YES;
				ENABLE_USER_SCRIPT_SANDBOXING = YES;
				GCC_C_LANGUAGE_STANDARD = gnu17;
				GCC_NO_COMMON_BLOCKS = YES;
				GCC_WARN_64_TO_32_BIT_CONVERSION = YES;
				GCC_WARN_ABOUT_RETURN_TYPE = YES_ERROR;
				GCC_WARN_UNDECLARED_SELECTOR = YES;
				GCC_WARN_UNINITIALIZED_AUTOS = YES_AGGRESSIVE;
				GCC_WARN_UNUSED_FUNCTION = YES;
				GCC_WARN_UNUSED_VARIABLE = YES;
				IPHONEOS_DEPLOYMENT_TARGET = 26.2;
				LOCALIZATION_PREFERS_STRING_CATALOGS = YES;
				MTL_ENABLE_DEBUG_INFO = NO;
				MTL_FAST_MATH = YES;
				SDKROOT = iphoneos;
				SWIFT_COMPILATION_MODE = wholemodule;
				VALIDATE_PRODUCT = YES;
			};
			name = Release;
		};
		1FD28BDB2F7FA33B00FA92D8 /* Debug */ = {
			isa = XCBuildConfiguration;
			buildSettings = {
				ASSETCATALOG_COMPILER_APPICON_NAME = AppIcon;
				ASSETCATALOG_COMPILER_GLOBAL_ACCENT_COLOR_NAME = AccentColor;
				CODE_SIGN_STYLE = Automatic;
				CURRENT_PROJECT_VERSION = 1;
				DEVELOPMENT_TEAM = Z8827K2MDU;
				ENABLE_PREVIEWS = YES;
				GENERATE_INFOPLIST_FILE = YES;
				INFOPLIST_KEY_UIApplicationSceneManifest_Generation = YES;
				INFOPLIST_KEY_UIApplicationSupportsIndirectInputEvents = YES;
				INFOPLIST_KEY_UILaunchScreen_Generation = YES;
				INFOPLIST_KEY_UISupportedInterfaceOrientations_iPad = "UIInterfaceOrientationPortrait UIInterfaceOrientationPortraitUpsideDown UIInterfaceOrientationLandscapeLeft UIInterfaceOrientationLandscapeRight";
				INFOPLIST_KEY_UISupportedInterfaceOrientations_iPhone = "UIInterfaceOrientationPortrait UIInterfaceOrientationLandscapeLeft UIInterfaceOrientationLandscapeRight";
				LD_RUNPATH_SEARCH_PATHS = (
					"$(inherited)",
					"@executable_path/Frameworks",
				);
				MARKETING_VERSION = 1.0;
				PRODUCT_BUNDLE_IDENTIFIER = rogachevich.ignat.NoNamePrjx;
				PRODUCT_NAME = "$(TARGET_NAME)";
				STRING_CATALOG_GENERATE_SYMBOLS = YES;
				SWIFT_APPROACHABLE_CONCURRENCY = YES;
				SWIFT_DEFAULT_ACTOR_ISOLATION = MainActor;
				SWIFT_EMIT_LOC_STRINGS = YES;
				SWIFT_UPCOMING_FEATURE_MEMBER_IMPORT_VISIBILITY = YES;
				SWIFT_VERSION = 5.0;
				TARGETED_DEVICE_FAMILY = "1,2";
			};
			name = Debug;
		};
		1FD28BDC2F7FA33B00FA92D8 /* Release */ = {
			isa = XCBuildConfiguration;
			buildSettings = {
				ASSETCATALOG_COMPILER_APPICON_NAME = AppIcon;
				ASSETCATALOG_COMPILER_GLOBAL_ACCENT_COLOR_NAME = AccentColor;
				CODE_SIGN_STYLE = Automatic;
				CURRENT_PROJECT_VERSION = 1;
				DEVELOPMENT_TEAM = Z8827K2MDU;
				ENABLE_PREVIEWS = YES;
				GENERATE_INFOPLIST_FILE = YES;
				INFOPLIST_KEY_UIApplicationSceneManifest_Generation = YES;
				INFOPLIST_KEY_UIApplicationSupportsIndirectInputEvents = YES;
				INFOPLIST_KEY_UILaunchScreen_Generation = YES;
				INFOPLIST_KEY_UISupportedInterfaceOrientations_iPad = "UIInterfaceOrientationPortrait UIInterfaceOrientationPortraitUpsideDown UIInterfaceOrientationLandscapeLeft UIInterfaceOrientationLandscapeRight";
				INFOPLIST_KEY_UISupportedInterfaceOrientations_iPhone = "UIInterfaceOrientationPortrait UIInterfaceOrientationLandscapeLeft UIInterfaceOrientationLandscapeRight";
				LD_RUNPATH_SEARCH_PATHS = (
					"$(inherited)",
					"@executable_path/Frameworks",
				);
				MARKETING_VERSION = 1.0;
				PRODUCT_BUNDLE_IDENTIFIER = rogachevich.ignat.NoNamePrjx;
				PRODUCT_NAME = "$(TARGET_NAME)";
				STRING_CATALOG_GENERATE_SYMBOLS = YES;
				SWIFT_APPROACHABLE_CONCURRENCY = YES;
				SWIFT_DEFAULT_ACTOR_ISOLATION = MainActor;
				SWIFT_EMIT_LOC_STRINGS = YES;
				SWIFT_UPCOMING_FEATURE_MEMBER_IMPORT_VISIBILITY = YES;
				SWIFT_VERSION = 5.0;
				TARGETED_DEVICE_FAMILY = "1,2";
			};
			name = Release;
		};
/* End XCBuildConfiguration section */

/* Begin XCConfigurationList section */
		1FD28BCA2F7FA33B00FA92D8 /* Build configuration list for PBXProject "NoNamePrjx" */ = {
			isa = XCConfigurationList;
			buildConfigurations = (
				1FD28BD82F7FA33B00FA92D8 /* Debug */,
				1FD28BD92F7FA33B00FA92D8 /* Release */,
			);
			defaultConfigurationIsVisible = 0;
			defaultConfigurationName = Release;
		};
		1FD28BDA2F7FA33B00FA92D8 /* Build configuration list for PBXNativeTarget "NoNamePrjx" */ = {
			isa = XCConfigurationList;
			buildConfigurations = (
				1FD28BDB2F7FA33B00FA92D8 /* Debug */,
				1FD28BDC2F7FA33B00FA92D8 /* Release */,
			);
			defaultConfigurationIsVisible = 0;
			defaultConfigurationName = Release;
		};
/* End XCConfigurationList section */
	};
	rootObject = 1FD28BC72F7FA33B00FA92D8 /* Project object */;
}
