// !$*UTF8*$!
{
	archiveVersion = 1;
	classes = {
	};
	objectVersion = 77;
	objects = {

/* Begin PBXBuildFile section */
		1F0D834B2F7FAFD5005F6CA6 /* MovieDetailsScreen.swift in Sources */ = {isa = PBXBuildFile; fileRef = 1F0D834A2F7FAFD5005F6CA6 /* MovieDetailsScreen.swift */; };
		1F7000013004100000B9DF60 /* Genre.swift in Sources */ = {isa = PBXBuildFile; fileRef = 1F7000003004100000B9DF60 /* Genre.swift */; };
		1F7000033004100100B9DF60 /* MediaFilters.swift in Sources */ = {isa = PBXBuildFile; fileRef = 1F7000023004100100B9DF60 /* MediaFilters.swift */; };
		1F7000053004100200B9DF60 /* Vote.swift in Sources */ = {isa = PBXBuildFile; fileRef = 1F7000043004100200B9DF60 /* Vote.swift */; };
		1F7000073004100300B9DF60 /* MediaService.swift in Sources */ = {isa = PBXBuildFile; fileRef = 1F7000063004100300B9DF60 /* MediaService.swift */; };
		1F7000093004100400B9DF60 /* MockMediaService.swift in Sources */ = {isa = PBXBuildFile; fileRef = 1F7000083004100400B9DF60 /* MockMediaService.swift */; };
		1F70000B3004100500B9DF60 /* RoomService.swift in Sources */ = {isa = PBXBuildFile; fileRef = 1F70000A3004100500B9DF60 /* RoomService.swift */; };
		1F70000D3004100600B9DF60 /* MockRoomService.swift in Sources */ = {isa = PBXBuildFile; fileRef = 1F70000C3004100600B9DF60 /* MockRoomService.swift */; };
		1F70000F3004100700B9DF60 /* APIError.swift in Sources */ = {isa = PBXBuildFile; fileRef = 1F70000E3004100700B9DF60 /* APIError.swift */; };
		1F7000113004100800B9DF60 /* Endpoint.swift in Sources */ = {isa = PBXBuildFile; fileRef = 1F7000103004100800B9DF60 /* Endpoint.swift */; };
		1F7000133004100900B9DF60 /* NetworkClient.swift in Sources */ = {isa = PBXBuildFile; fileRef = 1F7000123004100900B9DF60 /* NetworkClient.swift */; };
		1F7000153004100A00B9DF60 /* AppColors.swift in Sources */ = {isa = PBXBuildFile; fileRef = 1F7000143004100A00B9DF60 /* AppColors.swift */; };
		1F7000173004100B00B9DF60 /* AppBackground.swift in Sources */ = {isa = PBXBuildFile; fileRef = 1F7000163004100B00B9DF60 /* AppBackground.swift */; };
		1F7000193004100C00B9DF60 /* PrimaryButton.swift in Sources */ = {isa = PBXBuildFile; fileRef = 1F7000183004100C00B9DF60 /* PrimaryButton.swift */; };
		1F9591772F8C2E9000CA90C1 /* FiltersScreen.swift in Sources */ = {isa = PBXBuildFile; fileRef = 1F9591762F8C2E9000CA90C1 /* FiltersScreen.swift */; };
		1F9591792F8C2EB300CA90C1 /* FilterOptionRow.swift in Sources */ = {isa = PBXBuildFile; fileRef = 1F9591782F8C2EB300CA90C1 /* FilterOptionRow.swift */; };
		1F9591CD2F8C328D00CA90C1 /* FilterSection.swift in Sources */ = {isa = PBXBuildFile; fileRef = 1F9591CC2F8C328D00CA90C1 /* FilterSection.swift */; };
		1FB54A1E3004173300842252 /* SwipeViewModel.swift in Sources */ = {isa = PBXBuildFile; fileRef = 1FB54A1D3004173300842252 /* SwipeViewModel.swift */; };
		1FB54A203004197500842252 /* SwipeScreen.swift in Sources */ = {isa = PBXBuildFile; fileRef = 1FB54A1F3004197500842252 /* SwipeScreen.swift */; };
		1FB54A9630041CD100842252 /* RatingView.swift in Sources */ = {isa = PBXBuildFile; fileRef = 1FB54A9530041CC900842252 /* RatingView.swift */; };
		1FB54A9930068BF000842252 /* MatchScreen.swift in Sources */ = {isa = PBXBuildFile; fileRef = 1FB54A9830068BF000842252 /* MatchScreen.swift */; };
		1FD28BE12F7FA3BA00FA92D8 /* Assets.xcassets in Resources */ = {isa = PBXBuildFile; fileRef = 1FD28BDD2F7FA3BA00FA92D8 /* Assets.xcassets */; };
		1FD28BE32F7FA3BA00FA92D8 /* SwipeFlicksApp.swift in Sources */ = {isa = PBXBuildFile; fileRef = 1FD28BDF2F7FA3BA00FA92D8 /* SwipeFlicksApp.swift */; };
		1FD28BE82F7FA40900FA92D8 /* HomeScreen.swift in Sources */ = {isa = PBXBuildFile; fileRef = 1FD28BE72F7FA40900FA92D8 /* HomeScreen.swift */; };
		1FD28BEA2F7FA7A400FA92D8 /* JoinRoomScreen.swift in Sources */ = {isa = PBXBuildFile; fileRef = 1FD28BE92F7FA7A300FA92D8 /* JoinRoomScreen.swift */; };
		1FFE8F803004086200B9DF60 /* MediaType.swift in Sources */ = {isa = PBXBuildFile; fileRef = 1FFE8F7F3004086200B9DF60 /* MediaType.swift */; };
		1FFE8F823004089A00B9DF60 /* MediaItem.swift in Sources */ = {isa = PBXBuildFile; fileRef = 1FFE8F813004089A00B9DF60 /* MediaItem.swift */; };
		1FFE8F843004092000B9DF60 /* Room.swift in Sources */ = {isa = PBXBuildFile; fileRef = 1FFE8F833004092000B9DF60 /* Room.swift */; };
/* End PBXBuildFile section */

/* Begin PBXFileReference section */
		1F0D834A2F7FAFD5005F6CA6 /* MovieDetailsScreen.swift */ = {isa = PBXFileReference; lastKnownFileType = sourcecode.swift; path = MovieDetailsScreen.swift; sourceTree = "<group>"; };
		1F7000003004100000B9DF60 /* Genre.swift */ = {isa = PBXFileReference; lastKnownFileType = sourcecode.swift; path = Genre.swift; sourceTree = "<group>"; };
		1F7000023004100100B9DF60 /* MediaFilters.swift */ = {isa = PBXFileReference; lastKnownFileType = sourcecode.swift; path = MediaFilters.swift; sourceTree = "<group>"; };
		1F7000043004100200B9DF60 /* Vote.swift */ = {isa = PBXFileReference; lastKnownFileType = sourcecode.swift; path = Vote.swift; sourceTree = "<group>"; };
		1F7000063004100300B9DF60 /* MediaService.swift */ = {isa = PBXFileReference; lastKnownFileType = sourcecode.swift; path = MediaService.swift; sourceTree = "<group>"; };
		1F7000083004100400B9DF60 /* MockMediaService.swift */ = {isa = PBXFileReference; lastKnownFileType = sourcecode.swift; path = MockMediaService.swift; sourceTree = "<group>"; };
		1F70000A3004100500B9DF60 /* RoomService.swift */ = {isa = PBXFileReference; lastKnownFileType = sourcecode.swift; path = RoomService.swift; sourceTree = "<group>"; };
		1F70000C3004100600B9DF60 /* MockRoomService.swift */ = {isa = PBXFileReference; lastKnownFileType = sourcecode.swift; path = MockRoomService.swift; sourceTree = "<group>"; };
		1F70000E3004100700B9DF60 /* APIError.swift */ = {isa = PBXFileReference; lastKnownFileType = sourcecode.swift; path = APIError.swift; sourceTree = "<group>"; };
		1F7000103004100800B9DF60 /* Endpoint.swift */ = {isa = PBXFileReference; lastKnownFileType = sourcecode.swift; path = Endpoint.swift; sourceTree = "<group>"; };
		1F7000123004100900B9DF60 /* NetworkClient.swift */ = {isa = PBXFileReference; lastKnownFileType = sourcecode.swift; path = NetworkClient.swift; sourceTree = "<group>"; };
		1F7000143004100A00B9DF60 /* AppColors.swift */ = {isa = PBXFileReference; lastKnownFileType = sourcecode.swift; path = AppColors.swift; sourceTree = "<group>"; };
		1F7000163004100B00B9DF60 /* AppBackground.swift */ = {isa = PBXFileReference; lastKnownFileType = sourcecode.swift; path = AppBackground.swift; sourceTree = "<group>"; };
		1F7000183004100C00B9DF60 /* PrimaryButton.swift */ = {isa = PBXFileReference; lastKnownFileType = sourcecode.swift; path = PrimaryButton.swift; sourceTree = "<group>"; };
		1F9591762F8C2E9000CA90C1 /* FiltersScreen.swift */ = {isa = PBXFileReference; lastKnownFileType = sourcecode.swift; path = FiltersScreen.swift; sourceTree = "<group>"; };
		1F9591782F8C2EB300CA90C1 /* FilterOptionRow.swift */ = {isa = PBXFileReference; lastKnownFileType = sourcecode.swift; path = FilterOptionRow.swift; sourceTree = "<group>"; };
		1F9591CC2F8C328D00CA90C1 /* FilterSection.swift */ = {isa = PBXFileReference; lastKnownFileType = sourcecode.swift; path = FilterSection.swift; sourceTree = "<group>"; };
		1FB54A1D3004173300842252 /* SwipeViewModel.swift */ = {isa = PBXFileReference; lastKnownFileType = sourcecode.swift; path = SwipeViewModel.swift; sourceTree = "<group>"; };
		1FB54A1F3004197500842252 /* SwipeScreen.swift */ = {isa = PBXFileReference; lastKnownFileType = sourcecode.swift; path = SwipeScreen.swift; sourceTree = "<group>"; };
		1FB54A9530041CC900842252 /* RatingView.swift */ = {isa = PBXFileReference; lastKnownFileType = sourcecode.swift; path = RatingView.swift; sourceTree = "<group>"; };
		1FB54A9830068BF000842252 /* MatchScreen.swift */ = {isa = PBXFileReference; lastKnownFileType = sourcecode.swift; path = MatchScreen.swift; sourceTree = "<group>"; };
		1FD28BCF2F7FA33B00FA92D8 /* SwipeFlicks.app */ = {isa = PBXFileReference; explicitFileType = wrapper.application; includeInIndex = 0; path = SwipeFlicks.app; sourceTree = BUILT_PRODUCTS_DIR; };
		1FD28BDD2F7FA3BA00FA92D8 /* Assets.xcassets */ = {isa = PBXFileReference; lastKnownFileType = folder.assetcatalog; path = Assets.xcassets; sourceTree = "<group>"; };
		1FD28BDF2F7FA3BA00FA92D8 /* SwipeFlicksApp.swift */ = {isa = PBXFileReference; lastKnownFileType = sourcecode.swift; path = SwipeFlicksApp.swift; sourceTree = "<group>"; };
		1FD28BE72F7FA40900FA92D8 /* HomeScreen.swift */ = {isa = PBXFileReference; lastKnownFileType = sourcecode.swift; path = HomeScreen.swift; sourceTree = "<group>"; };
		1FD28BE92F7FA7A300FA92D8 /* JoinRoomScreen.swift */ = {isa = PBXFileReference; lastKnownFileType = sourcecode.swift; path = JoinRoomScreen.swift; sourceTree = "<group>"; };
		1FFE8F7F3004086200B9DF60 /* MediaType.swift */ = {isa = PBXFileReference; lastKnownFileType = sourcecode.swift; path = MediaType.swift; sourceTree = "<group>"; };
		1FFE8F813004089A00B9DF60 /* MediaItem.swift */ = {isa = PBXFileReference; lastKnownFileType = sourcecode.swift; path = MediaItem.swift; sourceTree = "<group>"; };
		1FFE8F833004092000B9DF60 /* Room.swift */ = {isa = PBXFileReference; lastKnownFileType = sourcecode.swift; path = Room.swift; sourceTree = "<group>"; };
/* End PBXFileReference section */

/* Begin PBXFrameworksBuildPhase section */
		1FD28BCC2F7FA33B00FA92D8 /* Frameworks */ = {
			isa = PBXFrameworksBuildPhase;
			buildActionMask = 2147483647;
			files = (
			);
			runOnlyForDeploymentPostprocessing = 0;
		};
/* End PBXFrameworksBuildPhase section */

/* Begin PBXGroup section */
		1F0D83492F7FAFBC005F6CA6 /* Match */ = {
			isa = PBXGroup;
			children = (
			);
			path = Match;
			sourceTree = "<group>";
		};
		1F0D839E2F812E82005F6CA6 /* Settings */ = {
			isa = PBXGroup;
			children = (
			);
			path = Settings;
			sourceTree = "<group>";
		};
		1F70001A3004100D00B9DF60 /* App */ = {
			isa = PBXGroup;
			children = (
				1FD28BDF2F7FA3BA00FA92D8 /* SwipeFlicksApp.swift */,
			);
			path = App;
			sourceTree = "<group>";
		};
		1F70001B3004100E00B9DF60 /* Features */ = {
			isa = PBXGroup;
			children = (
				1FB54A9A30068C9000842252 /* Match */,
				1FB54A1C3004172B00842252 /* Swipe */,
				1FD28BE42F7FA3BE00FA92D8 /* Home */,
				1FD28BE62F7FA3EA00FA92D8 /* Room */,
				1F9591752F8C2E7E00CA90C1 /* Filters */,
				1F0D83492F7FAFBC005F6CA6 /* Match */,
				1FD28BE52F7FA3C700FA92D8 /* MovieDetails */,
				1F0D839E2F812E82005F6CA6 /* Settings */,
			);
			path = Features;
			sourceTree = "<group>";
		};
		1F70001C3004100F00B9DF60 /* Services */ = {
			isa = PBXGroup;
			children = (
				1F7000063004100300B9DF60 /* MediaService.swift */,
				1F7000083004100400B9DF60 /* MockMediaService.swift */,
				1F70000A3004100500B9DF60 /* RoomService.swift */,
				1F70000C3004100600B9DF60 /* MockRoomService.swift */,
			);
			path = Services;
			sourceTree = "<group>";
		};
		1F70001D3004101000B9DF60 /* Networking */ = {
			isa = PBXGroup;
			children = (
				1F7000123004100900B9DF60 /* NetworkClient.swift */,
				1F7000103004100800B9DF60 /* Endpoint.swift */,
				1F70000E3004100700B9DF60 /* APIError.swift */,
			);
			path = Networking;
			sourceTree = "<group>";
		};
		1F70001E3004101100B9DF60 /* DesignSystem */ = {
			isa = PBXGroup;
			children = (
				1F7000143004100A00B9DF60 /* AppColors.swift */,
				1F7000183004100C00B9DF60 /* PrimaryButton.swift */,
				1F7000163004100B00B9DF60 /* AppBackground.swift */,
			);
			path = DesignSystem;
			sourceTree = "<group>";
		};
		1F9591752F8C2E7E00CA90C1 /* Filters */ = {
			isa = PBXGroup;
			children = (
				1F9591762F8C2E9000CA90C1 /* FiltersScreen.swift */,
				1F9591782F8C2EB300CA90C1 /* FilterOptionRow.swift */,
			);
			path = Filters;
			sourceTree = "<group>";
		};
		1FB54A1C3004172B00842252 /* Swipe */ = {
			isa = PBXGroup;
			children = (
				1FB54A97300424D200842252 /* UIElements */,
				1FB54A1D3004173300842252 /* SwipeViewModel.swift */,
				1FB54A1F3004197500842252 /* SwipeScreen.swift */,
			);
			path = Swipe;
			sourceTree = "<group>";
		};
		1FB54A97300424D200842252 /* UIElements */ = {
			isa = PBXGroup;
			children = (
				1FB54A9530041CC900842252 /* RatingView.swift */,
			);
			path = UIElements;
			sourceTree = "<group>";
		};
		1FB54A9A30068C9000842252 /* Match */ = {
			isa = PBXGroup;
			children = (
				1FB54A9830068BF000842252 /* MatchScreen.swift */,
			);
			path = Match;
			sourceTree = "<group>";
		};
		1FD28BC62F7FA33B00FA92D8 = {
			isa = PBXGroup;
			children = (
				1FD28BE02F7FA3BA00FA92D8 /* SwipeFlicks */,
				1FD28BD02F7FA33B00FA92D8 /* Products */,
			);
			sourceTree = "<group>";
		};
		1FD28BD02F7FA33B00FA92D8 /* Products */ = {
			isa = PBXGroup;
			children = (
				1FD28BCF2F7FA33B00FA92D8 /* SwipeFlicks.app */,
			);
			name = Products;
			sourceTree = "<group>";
		};
		1FD28BE02F7FA3BA00FA92D8 /* SwipeFlicks */ = {
			isa = PBXGroup;
			children = (
				1F70001A3004100D00B9DF60 /* App */,
				1FFE8F7C3004084300B9DF60 /* Core */,
				1F70001B3004100E00B9DF60 /* Features */,
				1FD28BDD2F7FA3BA00FA92D8 /* Assets.xcassets */,
			);
			path = SwipeFlicks;
			sourceTree = "<group>";
		};
		1FD28BE42F7FA3BE00FA92D8 /* Home */ = {
			isa = PBXGroup;
			children = (
				1FD28BE72F7FA40900FA92D8 /* HomeScreen.swift */,
			);
			path = Home;
			sourceTree = "<group>";
		};
		1FD28BE52F7FA3C700FA92D8 /* MovieDetails */ = {
			isa = PBXGroup;
			children = (
				1F0D834A2F7FAFD5005F6CA6 /* MovieDetailsScreen.swift */,
			);
			path = MovieDetails;
			sourceTree = "<group>";
		};
		1FD28BE62F7FA3EA00FA92D8 /* Room */ = {
			isa = PBXGroup;
			children = (
				1FD28BE92F7FA7A300FA92D8 /* JoinRoomScreen.swift */,
			);
			path = Room;
			sourceTree = "<group>";
		};
		1FFE8F7C3004084300B9DF60 /* Core */ = {
			isa = PBXGroup;
			children = (
				1FFE8F7D3004084800B9DF60 /* Models */,
				1F70001C3004100F00B9DF60 /* Services */,
				1F70001D3004101000B9DF60 /* Networking */,
				1F70001E3004101100B9DF60 /* DesignSystem */,
			);
			path = Core;
			sourceTree = "<group>";
		};
		1FFE8F7D3004084800B9DF60 /* Models */ = {
			isa = PBXGroup;
			children = (
				1FFE8F7F3004086200B9DF60 /* MediaType.swift */,
				1FFE8F813004089A00B9DF60 /* MediaItem.swift */,
				1F7000003004100000B9DF60 /* Genre.swift */,
				1F7000023004100100B9DF60 /* MediaFilters.swift */,
				1FFE8F833004092000B9DF60 /* Room.swift */,
				1F7000043004100200B9DF60 /* Vote.swift */,
				1F9591CC2F8C328D00CA90C1 /* FilterSection.swift */,
			);
			path = Models;
			sourceTree = "<group>";
		};
/* End PBXGroup section */

/* Begin PBXNativeTarget section */
		1FD28BCE2F7FA33B00FA92D8 /* SwipeFlicks */ = {
			isa = PBXNativeTarget;
			buildConfigurationList = 1FD28BDA2F7FA33B00FA92D8 /* Build configuration list for PBXNativeTarget "SwipeFlicks" */;
			buildPhases = (
				1FD28BCB2F7FA33B00FA92D8 /* Sources */,
				1FD28BCC2F7FA33B00FA92D8 /* Frameworks */,
				1FD28BCD2F7FA33B00FA92D8 /* Resources */,
			);
			buildRules = (
			);
			dependencies = (
			);
			name = SwipeFlicks;
			packageProductDependencies = (
			);
			productName = SwipeFlicks;
			productReference = 1FD28BCF2F7FA33B00FA92D8 /* SwipeFlicks.app */;
			productType = "com.apple.product-type.application";
		};
/* End PBXNativeTarget section */

/* Begin PBXProject section */
		1FD28BC72F7FA33B00FA92D8 /* Project object */ = {
			isa = PBXProject;
			attributes = {
				BuildIndependentTargetsInParallel = 1;
				LastSwiftUpdateCheck = 2630;
				LastUpgradeCheck = 2630;
				TargetAttributes = {
					1FD28BCE2F7FA33B00FA92D8 = {
						CreatedOnToolsVersion = 26.3;
					};
				};
			};
			buildConfigurationList = 1FD28BCA2F7FA33B00FA92D8 /* Build configuration list for PBXProject "SwipeFlicks" */;
			developmentRegion = en;
			hasScannedForEncodings = 0;
			knownRegions = (
				en,
				Base,
			);
			mainGroup = 1FD28BC62F7FA33B00FA92D8;
			minimizedProjectReferenceProxies = 1;
			preferredProjectObjectVersion = 77;
			productRefGroup = 1FD28BD02F7FA33B00FA92D8 /* Products */;
			projectDirPath = "";
			projectRoot = "";
			targets = (
				1FD28BCE2F7FA33B00FA92D8 /* SwipeFlicks */,
			);
		};
/* End PBXProject section */

/* Begin PBXResourcesBuildPhase section */
		1FD28BCD2F7FA33B00FA92D8 /* Resources */ = {
			isa = PBXResourcesBuildPhase;
			buildActionMask = 2147483647;
			files = (
				1FD28BE12F7FA3BA00FA92D8 /* Assets.xcassets in Resources */,
			);
			runOnlyForDeploymentPostprocessing = 0;
		};
/* End PBXResourcesBuildPhase section */

/* Begin PBXSourcesBuildPhase section */
		1FD28BCB2F7FA33B00FA92D8 /* Sources */ = {
			isa = PBXSourcesBuildPhase;
			buildActionMask = 2147483647;
			files = (
				1F70000F3004100700B9DF60 /* APIError.swift in Sources */,
				1F7000093004100400B9DF60 /* MockMediaService.swift in Sources */,
				1F7000173004100B00B9DF60 /* AppBackground.swift in Sources */,
				1FD28BEA2F7FA7A400FA92D8 /* JoinRoomScreen.swift in Sources */,
				1F7000013004100000B9DF60 /* Genre.swift in Sources */,
				1F9591CD2F8C328D00CA90C1 /* FilterSection.swift in Sources */,
				1FFE8F823004089A00B9DF60 /* MediaItem.swift in Sources */,
				1FB54A9630041CD100842252 /* RatingView.swift in Sources */,
				1FB54A9930068BF000842252 /* MatchScreen.swift in Sources */,
				1F7000033004100100B9DF60 /* MediaFilters.swift in Sources */,
				1F7000113004100800B9DF60 /* Endpoint.swift in Sources */,
				1F70000D3004100600B9DF60 /* MockRoomService.swift in Sources */,
				1FD28BE82F7FA40900FA92D8 /* HomeScreen.swift in Sources */,
				1FB54A1E3004173300842252 /* SwipeViewModel.swift in Sources */,
				1F7000133004100900B9DF60 /* NetworkClient.swift in Sources */,
				1FFE8F843004092000B9DF60 /* Room.swift in Sources */,
				1F0D834B2F7FAFD5005F6CA6 /* MovieDetailsScreen.swift in Sources */,
				1FFE8F803004086200B9DF60 /* MediaType.swift in Sources */,
				1F70000B3004100500B9DF60 /* RoomService.swift in Sources */,
				1F7000053004100200B9DF60 /* Vote.swift in Sources */,
				1FB54A203004197500842252 /* SwipeScreen.swift in Sources */,
				1F9591792F8C2EB300CA90C1 /* FilterOptionRow.swift in Sources */,
				1F7000153004100A00B9DF60 /* AppColors.swift in Sources */,
				1F9591772F8C2E9000CA90C1 /* FiltersScreen.swift in Sources */,
				1F7000073004100300B9DF60 /* MediaService.swift in Sources */,
				1F7000193004100C00B9DF60 /* PrimaryButton.swift in Sources */,
				1FD28BE32F7FA3BA00FA92D8 /* SwipeFlicksApp.swift in Sources */,
			);
			runOnlyForDeploymentPostprocessing = 0;
		};
/* End PBXSourcesBuildPhase section */

/* Begin XCBuildConfiguration section */
		1FD28BD82F7FA33B00FA92D8 /* Debug */ = {
			isa = XCBuildConfiguration;
			buildSettings = {
				ALWAYS_SEARCH_USER_PATHS = NO;
				ASSETCATALOG_COMPILER_GENERATE_SWIFT_ASSET_SYMBOL_EXTENSIONS = YES;
				CLANG_ANALYZER_NONNULL = YES;
				CLANG_ANALYZER_NUMBER_OBJECT_CONVERSION = YES_AGGRESSIVE;
				CLANG_CXX_LANGUAGE_STANDARD = "gnu++20";
				CLANG_ENABLE_MODULES = YES;
				CLANG_ENABLE_OBJC_ARC = YES;
				CLANG_ENABLE_OBJC_WEAK = YES;
				CLANG_WARN_BLOCK_CAPTURE_AUTORELEASING = YES;
				CLANG_WARN_BOOL_CONVERSION = YES;
				CLANG_WARN_COMMA = YES;
				CLANG_WARN_CONSTANT_CONVERSION = YES;
				CLANG_WARN_DEPRECATED_OBJC_IMPLEMENTATIONS = YES;
				CLANG_WARN_DIRECT_OBJC_ISA_USAGE = YES_ERROR;
				CLANG_WARN_DOCUMENTATION_COMMENTS = YES;
				CLANG_WARN_EMPTY_BODY = YES;
				CLANG_WARN_ENUM_CONVERSION = YES;
				CLANG_WARN_INFINITE_RECURSION = YES;
				CLANG_WARN_INT_CONVERSION = YES;
				CLANG_WARN_NON_LITERAL_NULL_CONVERSION = YES;
				CLANG_WARN_OBJC_IMPLICIT_RETAIN_SELF = YES;
				CLANG_WARN_OBJC_LITERAL_CONVERSION = YES;
				CLANG_WARN_OBJC_ROOT_CLASS = YES_ERROR;
				CLANG_WARN_QUOTED_INCLUDE_IN_FRAMEWORK_HEADER = YES;
				CLANG_WARN_RANGE_LOOP_ANALYSIS = YES;
				CLANG_WARN_STRICT_PROTOTYPES = YES;
				CLANG_WARN_SUSPICIOUS_MOVE = YES;
				CLANG_WARN_UNGUARDED_AVAILABILITY = YES_AGGRESSIVE;
				CLANG_WARN_UNREACHABLE_CODE = YES;
				CLANG_WARN__DUPLICATE_METHOD_MATCH = YES;
				COPY_PHASE_STRIP = NO;
				DEBUG_INFORMATION_FORMAT = dwarf;
				DEVELOPMENT_TEAM = Z8827K2MDU;
				ENABLE_STRICT_OBJC_MSGSEND = YES;
				ENABLE_TESTABILITY = YES;
				ENABLE_USER_SCRIPT_SANDBOXING = YES;
				GCC_C_LANGUAGE_STANDARD = gnu17;
				GCC_DYNAMIC_NO_PIC = NO;
				GCC_NO_COMMON_BLOCKS = YES;
				GCC_OPTIMIZATION_LEVEL = 0;
				GCC_PREPROCESSOR_DEFINITIONS = (
					"DEBUG=1",
					"$(inherited)",
				);
				GCC_WARN_64_TO_32_BIT_CONVERSION = YES;
				GCC_WARN_ABOUT_RETURN_TYPE = YES_ERROR;
				GCC_WARN_UNDECLARED_SELECTOR = YES;
				GCC_WARN_UNINITIALIZED_AUTOS = YES_AGGRESSIVE;
				GCC_WARN_UNUSED_FUNCTION = YES;
				GCC_WARN_UNUSED_VARIABLE = YES;
				IPHONEOS_DEPLOYMENT_TARGET = 26.2;
				LOCALIZATION_PREFERS_STRING_CATALOGS = YES;
				MTL_ENABLE_DEBUG_INFO = INCLUDE_SOURCE;
				MTL_FAST_MATH = YES;
				ONLY_ACTIVE_ARCH = YES;
				SDKROOT = iphoneos;
				SWIFT_ACTIVE_COMPILATION_CONDITIONS = "DEBUG $(inherited)";
				SWIFT_OPTIMIZATION_LEVEL = "-Onone";
			};
			name = Debug;
		};
		1FD28BD92F7FA33B00FA92D8 /* Release */ = {
			isa = XCBuildConfiguration;
			buildSettings = {
				ALWAYS_SEARCH_USER_PATHS = NO;
				ASSETCATALOG_COMPILER_GENERATE_SWIFT_ASSET_SYMBOL_EXTENSIONS = YES;
				CLANG_ANALYZER_NONNULL = YES;
				CLANG_ANALYZER_NUMBER_OBJECT_CONVERSION = YES_AGGRESSIVE;
				CLANG_CXX_LANGUAGE_STANDARD = "gnu++20";
				CLANG_ENABLE_MODULES = YES;
				CLANG_ENABLE_OBJC_ARC = YES;
				CLANG_ENABLE_OBJC_WEAK = YES;
				CLANG_WARN_BLOCK_CAPTURE_AUTORELEASING = YES;
				CLANG_WARN_BOOL_CONVERSION = YES;
				CLANG_WARN_COMMA = YES;
				CLANG_WARN_CONSTANT_CONVERSION = YES;
				CLANG_WARN_DEPRECATED_OBJC_IMPLEMENTATIONS = YES;
				CLANG_WARN_DIRECT_OBJC_ISA_USAGE = YES_ERROR;
				CLANG_WARN_DOCUMENTATION_COMMENTS = YES;
				CLANG_WARN_EMPTY_BODY = YES;
				CLANG_WARN_ENUM_CONVERSION = YES;
				CLANG_WARN_INFINITE_RECURSION = YES;
				CLANG_WARN_INT_CONVERSION = YES;
				CLANG_WARN_NON_LITERAL_NULL_CONVERSION = YES;
				CLANG_WARN_OBJC_IMPLICIT_RETAIN_SELF = YES;
				CLANG_WARN_OBJC_LITERAL_CONVERSION = YES;
				CLANG_WARN_OBJC_ROOT_CLASS = YES_ERROR;
				CLANG_WARN_QUOTED_INCLUDE_IN_FRAMEWORK_HEADER = YES;
				CLANG_WARN_RANGE_LOOP_ANALYSIS = YES;
				CLANG_WARN_STRICT_PROTOTYPES = YES;
				CLANG_WARN_SUSPICIOUS_MOVE = YES;
				CLANG_WARN_UNGUARDED_AVAILABILITY = YES_AGGRESSIVE;
				CLANG_WARN_UNREACHABLE_CODE = YES;
				CLANG_WARN__DUPLICATE_METHOD_MATCH = YES;
				COPY_PHASE_STRIP = NO;
				DEBUG_INFORMATION_FORMAT = "dwarf-with-dsym";
				DEVELOPMENT_TEAM = Z8827K2MDU;
				ENABLE_NS_ASSERTIONS = NO;
				ENABLE_STRICT_OBJC_MSGSEND = YES;
				ENABLE_USER_SCRIPT_SANDBOXING = YES;
				GCC_C_LANGUAGE_STANDARD = gnu17;
				GCC_NO_COMMON_BLOCKS = YES;
				GCC_WARN_64_TO_32_BIT_CONVERSION = YES;
				GCC_WARN_ABOUT_RETURN_TYPE = YES_ERROR;
				GCC_WARN_UNDECLARED_SELECTOR = YES;
				GCC_WARN_UNINITIALIZED_AUTOS = YES_AGGRESSIVE;
				GCC_WARN_UNUSED_FUNCTION = YES;
				GCC_WARN_UNUSED_VARIABLE = YES;
				IPHONEOS_DEPLOYMENT_TARGET = 26.2;
				LOCALIZATION_PREFERS_STRING_CATALOGS = YES;
				MTL_ENABLE_DEBUG_INFO = NO;
				MTL_FAST_MATH = YES;
				SDKROOT = iphoneos;
				SWIFT_COMPILATION_MODE = wholemodule;
				VALIDATE_PRODUCT = YES;
			};
			name = Release;
		};
		1FD28BDB2F7FA33B00FA92D8 /* Debug */ = {
			isa = XCBuildConfiguration;
			buildSettings = {
				ASSETCATALOG_COMPILER_APPICON_NAME = AppIcon;
				ASSETCATALOG_COMPILER_GLOBAL_ACCENT_COLOR_NAME = AccentColor;
				CODE_SIGN_STYLE = Automatic;
				CURRENT_PROJECT_VERSION = 1;
				DEVELOPMENT_TEAM = Z8827K2MDU;
				ENABLE_PREVIEWS = YES;
				GENERATE_INFOPLIST_FILE = YES;
				INFOPLIST_KEY_UIApplicationSceneManifest_Generation = YES;
				INFOPLIST_KEY_UIApplicationSupportsIndirectInputEvents = YES;
				INFOPLIST_KEY_UILaunchScreen_Generation = YES;
				INFOPLIST_KEY_UISupportedInterfaceOrientations = UIInterfaceOrientationPortrait;
				INFOPLIST_KEY_UISupportedInterfaceOrientations_iPad = "UIInterfaceOrientationLandscapeLeft UIInterfaceOrientationLandscapeRight UIInterfaceOrientationPortrait UIInterfaceOrientationPortraitUpsideDown";
				IPHONEOS_DEPLOYMENT_TARGET = 18;
				LD_RUNPATH_SEARCH_PATHS = (
					"$(inherited)",
					"@executable_path/Frameworks",
				);
				MARKETING_VERSION = 1.0;
				PRODUCT_BUNDLE_IDENTIFIER = rogachevich.ignat.SwipeFlicks;
				PRODUCT_NAME = "$(TARGET_NAME)";
				STRING_CATALOG_GENERATE_SYMBOLS = YES;
				SUPPORTED_PLATFORMS = "iphoneos iphonesimulator";
				SUPPORTS_MACCATALYST = NO;
				SUPPORTS_MAC_DESIGNED_FOR_IPHONE_IPAD = NO;
				SUPPORTS_XR_DESIGNED_FOR_IPHONE_IPAD = NO;
				SWIFT_APPROACHABLE_CONCURRENCY = YES;
				SWIFT_DEFAULT_ACTOR_ISOLATION = MainActor;
				SWIFT_EMIT_LOC_STRINGS = YES;
				SWIFT_UPCOMING_FEATURE_MEMBER_IMPORT_VISIBILITY = YES;
				SWIFT_VERSION = 5.0;
				TARGETED_DEVICE_FAMILY = 1;
			};
			name = Debug;
		};
		1FD28BDC2F7FA33B00FA92D8 /* Release */ = {
			isa = XCBuildConfiguration;
			buildSettings = {
				ASSETCATALOG_COMPILER_APPICON_NAME = AppIcon;
				ASSETCATALOG_COMPILER_GLOBAL_ACCENT_COLOR_NAME = AccentColor;
				CODE_SIGN_STYLE = Automatic;
				CURRENT_PROJECT_VERSION = 1;
				DEVELOPMENT_TEAM = Z8827K2MDU;
				ENABLE_PREVIEWS = YES;
				GENERATE_INFOPLIST_FILE = YES;
				INFOPLIST_KEY_UIApplicationSceneManifest_Generation = YES;
				INFOPLIST_KEY_UIApplicationSupportsIndirectInputEvents = YES;
				INFOPLIST_KEY_UILaunchScreen_Generation = YES;
				INFOPLIST_KEY_UISupportedInterfaceOrientations = UIInterfaceOrientationPortrait;
				INFOPLIST_KEY_UISupportedInterfaceOrientations_iPad = "UIInterfaceOrientationLandscapeLeft UIInterfaceOrientationLandscapeRight UIInterfaceOrientationPortrait UIInterfaceOrientationPortraitUpsideDown";
				IPHONEOS_DEPLOYMENT_TARGET = 18;
				LD_RUNPATH_SEARCH_PATHS = (
					"$(inherited)",
					"@executable_path/Frameworks",
				);
				MARKETING_VERSION = 1.0;
				PRODUCT_BUNDLE_IDENTIFIER = rogachevich.ignat.SwipeFlicks;
				PRODUCT_NAME = "$(TARGET_NAME)";
				STRING_CATALOG_GENERATE_SYMBOLS = YES;
				SUPPORTED_PLATFORMS = "iphoneos iphonesimulator";
				SUPPORTS_MACCATALYST = NO;
				SUPPORTS_MAC_DESIGNED_FOR_IPHONE_IPAD = NO;
				SUPPORTS_XR_DESIGNED_FOR_IPHONE_IPAD = NO;
				SWIFT_APPROACHABLE_CONCURRENCY = YES;
				SWIFT_DEFAULT_ACTOR_ISOLATION = MainActor;
				SWIFT_EMIT_LOC_STRINGS = YES;
				SWIFT_UPCOMING_FEATURE_MEMBER_IMPORT_VISIBILITY = YES;
				SWIFT_VERSION = 5.0;
				TARGETED_DEVICE_FAMILY = 1;
			};
			name = Release;
		};
/* End XCBuildConfiguration section */

/* Begin XCConfigurationList section */
		1FD28BCA2F7FA33B00FA92D8 /* Build configuration list for PBXProject "SwipeFlicks" */ = {
			isa = XCConfigurationList;
			buildConfigurations = (
				1FD28BD82F7FA33B00FA92D8 /* Debug */,
				1FD28BD92F7FA33B00FA92D8 /* Release */,
			);
			defaultConfigurationIsVisible = 0;
			defaultConfigurationName = Release;
		};
		1FD28BDA2F7FA33B00FA92D8 /* Build configuration list for PBXNativeTarget "SwipeFlicks" */ = {
			isa = XCConfigurationList;
			buildConfigurations = (
				1FD28BDB2F7FA33B00FA92D8 /* Debug */,
				1FD28BDC2F7FA33B00FA92D8 /* Release */,
			);
			defaultConfigurationIsVisible = 0;
			defaultConfigurationName = Release;
		};
/* End XCConfigurationList section */
	};
	rootObject = 1FD28BC72F7FA33B00FA92D8 /* Project object */;
}
